
Microsoft Visual Studio Solution File, Format Version 12.00
# Visual Studio 14
VisualStudioVersion = 14.0.23107.0
MinimumVisualStudioVersion = 10.0.40219.1
Project("{FAE04EC0-301F-11D3-BF4B-00C04F79EFBC}") = "Threads_examples", "ITVDNCurse\Threads_examples.csproj", "{1716DB64-C6B2-4A6E-8C7D-4A5E1CBEBFD3}"
EndProject
Project("{FAE04EC0-301F-11D3-BF4B-00C04F79EFBC}") = "Threads_examples2", "Threads_examples2\Threads_examples2.csproj", "{DB9D0E5A-F172-4DF5-BCD2-31B41EDD33A1}"
EndProject
Project("{FAE04EC0-301F-11D3-BF4B-00C04F79EFBC}") = "Threads_examples3", "Threads_examples3\Threads_examples3.csproj", "{0147EE07-D0CC-4097-B4C7-4A55B7332DF0}"
EndProject
Project("{FAE04EC0-301F-11D3-BF4B-00C04F79EFBC}") = "CriticalSection", "CriticalSection\CriticalSection.csproj", "{562487CE-DD2F-43FB-BAF5-BC383BA018F3}"
EndProject
Project("{FAE04EC0-301F-11D3-BF4B-00C04F79EFBC}") = "Collection", "Collection\Collection.csproj", "{8964119B-0048-46C0-BB31-65B94EF58172}"
EndProject
Project("{FAE04EC0-301F-11D3-BF4B-00C04F79EFBC}") = "UserCollection", "UserCollection\UserCollection.csproj", "{31D9F67B-0584-4565-9D03-C73A152C7FE8}"
EndProject
Project("{FAE04EC0-301F-11D3-BF4B-00C04F79EFBC}") = "Yield", "Yield\Yield.csproj", "{BA70CE01-AD46-4ACF-B1D3-1491A6843638}"
EndProject
Global
	GlobalSection(SolutionConfigurationPlatforms) = preSolution
		Debug|Any CPU = Debug|Any CPU
		Release|Any CPU = Release|Any CPU
	EndGlobalSection
	GlobalSection(ProjectConfigurationPlatforms) = postSolution
		{1716DB64-C6B2-4A6E-8C7D-4A5E1CBEBFD3}.Debug|Any CPU.ActiveCfg = Debug|Any CPU
		{1716DB64-C6B2-4A6E-8C7D-4A5E1CBEBFD3}.Debug|Any CPU.Build.0 = Debug|Any CPU
		{1716DB64-C6B2-4A6E-8C7D-4A5E1CBEBFD3}.Release|Any CPU.ActiveCfg = Release|Any CPU
		{1716DB64-C6B2-4A6E-8C7D-4A5E1CBEBFD3}.Release|Any CPU.Build.0 = Release|Any CPU
		{DB9D0E5A-F172-4DF5-BCD2-31B41EDD33A1}.Debug|Any CPU.ActiveCfg = Debug|Any CPU
		{DB9D0E5A-F172-4DF5-BCD2-31B41EDD33A1}.Debug|Any CPU.Build.0 = Debug|Any CPU
		{DB9D0E5A-F172-4DF5-BCD2-31B41EDD33A1}.Release|Any CPU.ActiveCfg = Release|Any CPU
		{DB9D0E5A-F172-4DF5-BCD2-31B41EDD33A1}.Release|Any CPU.Build.0 = Release|Any CPU
		{0147EE07-D0CC-4097-B4C7-4A55B7332DF0}.Debug|Any CPU.ActiveCfg = Debug|Any CPU
		{0147EE07-D0CC-4097-B4C7-4A55B7332DF0}.Debug|Any CPU.Build.0 = Debug|Any CPU
		{0147EE07-D0CC-4097-B4C7-4A55B7332DF0}.Release|Any CPU.ActiveCfg = Release|Any CPU
		{0147EE07-D0CC-4097-B4C7-4A55B7332DF0}.Release|Any CPU.Build.0 = Release|Any CPU
		{562487CE-DD2F-43FB-BAF5-BC383BA018F3}.Debug|Any CPU.ActiveCfg = Debug|Any CPU
		{562487CE-DD2F-43FB-BAF5-BC383BA018F3}.Debug|Any CPU.Build.0 = Debug|Any CPU
		{562487CE-DD2F-43FB-BAF5-BC383BA018F3}.Release|Any CPU.ActiveCfg = Release|Any CPU
		{562487CE-DD2F-43FB-BAF5-BC383BA018F3}.Release|Any CPU.Build.0 = Release|Any CPU
		{8964119B-0048-46C0-BB31-65B94EF58172}.Debug|Any CPU.ActiveCfg = Debug|Any CPU
		{8964119B-0048-46C0-BB31-65B94EF58172}.Debug|Any CPU.Build.0 = Debug|Any CPU
		{8964119B-0048-46C0-BB31-65B94EF58172}.Release|Any CPU.ActiveCfg = Release|Any CPU
		{8964119B-0048-46C0-BB31-65B94EF58172}.Release|Any CPU.Build.0 = Release|Any CPU
		{31D9F67B-0584-4565-9D03-C73A152C7FE8}.Debug|Any CPU.ActiveCfg = Debug|Any CPU
		{31D9F67B-0584-4565-9D03-C73A152C7FE8}.Debug|Any CPU.Build.0 = Debug|Any CPU
		{31D9F67B-0584-4565-9D03-C73A152C7FE8}.Release|Any CPU.ActiveCfg = Release|Any CPU
		{31D9F67B-0584-4565-9D03-C73A152C7FE8}.Release|Any CPU.Build.0 = Release|Any CPU
		{BA70CE01-AD46-4ACF-B1D3-1491A6843638}.Debug|Any CPU.ActiveCfg = Debug|Any CPU
		{BA70CE01-AD46-4ACF-B1D3-1491A6843638}.Debug|Any CPU.Build.0 = Debug|Any CPU
		{BA70CE01-AD46-4ACF-B1D3-1491A6843638}.Release|Any CPU.ActiveCfg = Release|Any CPU
		{BA70CE01-AD46-4ACF-B1D3-1491A6843638}.Release|Any CPU.Build.0 = Release|Any CPU
	EndGlobalSection
	GlobalSection(SolutionProperties) = preSolution
		HideSolutionNode = FALSE
	EndGlobalSection
EndGlobal
